
Microsoft Visual Studio Solution File, Format Version 12.00
# Visual Studio Version 17
VisualStudioVersion = 17.10.35027.167
MinimumVisualStudioVersion = 10.0.40219.1
Project("{9A19103F-16F7-4668-BE54-9A1E7A4F7556}") = "FileExplorerRedesign", "src\FileExplorerRedesign\FileExplorerRedesign.csproj", "{14BA0612-EB3B-4A76-90BF-EDEFA6E50703}"
EndProject
Project("{9A19103F-16F7-4668-BE54-9A1E7A4F7556}") = "Toolkit.Mvvm", "src\Toolkit.Mvvm\Toolkit.Mvvm.csproj", "{2A130630-ED35-4C74-8158-A3F69BC5ECF5}"
EndProject
Global
	GlobalSection(SolutionConfigurationPlatforms) = preSolution
		Debug|Any CPU = Debug|Any CPU
		Release|Any CPU = Release|Any CPU
	EndGlobalSection
	GlobalSection(ProjectConfigurationPlatforms) = postSolution
		{14BA0612-EB3B-4A76-90BF-EDEFA6E50703}.Debug|Any CPU.ActiveCfg = Debug|Any CPU
		{14BA0612-EB3B-4A76-90BF-EDEFA6E50703}.Debug|Any CPU.Build.0 = Debug|Any CPU
		{14BA0612-EB3B-4A76-90BF-EDEFA6E50703}.Release|Any CPU.ActiveCfg = Release|Any CPU
		{14BA0612-EB3B-4A76-90BF-EDEFA6E50703}.Release|Any CPU.Build.0 = Release|Any CPU
		{2A130630-ED35-4C74-8158-A3F69BC5ECF5}.Debug|Any CPU.ActiveCfg = Debug|Any CPU
		{2A130630-ED35-4C74-8158-A3F69BC5ECF5}.Debug|Any CPU.Build.0 = Debug|Any CPU
		{2A130630-ED35-4C74-8158-A3F69BC5ECF5}.Release|Any CPU.ActiveCfg = Release|Any CPU
		{2A130630-ED35-4C74-8158-A3F69BC5ECF5}.Release|Any CPU.Build.0 = Release|Any CPU
	EndGlobalSection
	GlobalSection(SolutionProperties) = preSolution
		HideSolutionNode = FALSE
	EndGlobalSection
	GlobalSection(ExtensibilityGlobals) = postSolution
		SolutionGuid = {B7460313-45B9-4A73-A444-25E15F83AB2E}
	EndGlobalSection
EndGlobal
